
Microsoft Visual Studio Solution File, Format Version 12.00
# Visual Studio Version 17
VisualStudioVersion = 17.2.32616.157
MinimumVisualStudioVersion = 10.0.40219.1
Project("{FAE04EC0-301F-11D3-BF4B-00C04F79EFBC}") = "SkillFactoryMyBot", "SkillFactoryMyBot.csproj", "{0300D483-581E-4CDE-9083-AF24181B77FB}"
EndProject
Project("{2150E333-8FDC-42A3-9474-1A3956D46DE8}") = "Элементы решения", "Элементы решения", "{72BCA18C-2A6E-4803-8C38-318A4C6FAB90}"
	ProjectSection(SolutionItems) = preProject
		.gitignore = .gitignore
		README.md = README.md
	EndProjectSection
EndProject
Global
	GlobalSection(SolutionConfigurationPlatforms) = preSolution
		Debug|Any CPU = Debug|Any CPU
		Release|Any CPU = Release|Any CPU
	EndGlobalSection
	GlobalSection(ProjectConfigurationPlatforms) = postSolution
		{0300D483-581E-4CDE-9083-AF24181B77FB}.Debug|Any CPU.ActiveCfg = Debug|Any CPU
		{0300D483-581E-4CDE-9083-AF24181B77FB}.Debug|Any CPU.Build.0 = Debug|Any CPU
		{0300D483-581E-4CDE-9083-AF24181B77FB}.Release|Any CPU.ActiveCfg = Release|Any CPU
		{0300D483-581E-4CDE-9083-AF24181B77FB}.Release|Any CPU.Build.0 = Release|Any CPU
	EndGlobalSection
	GlobalSection(SolutionProperties) = preSolution
		HideSolutionNode = FALSE
	EndGlobalSection
	GlobalSection(ExtensibilityGlobals) = postSolution
		SolutionGuid = {CD98C730-7F6A-4023-9D99-425D20E6730B}
	EndGlobalSection
EndGlobal
